
Microsoft Visual Studio Solution File, Format Version 12.00
# Visual Studio Version 17
VisualStudioVersion = 17.9.34607.119
MinimumVisualStudioVersion = 10.0.40219.1
Project("{9A19103F-16F7-4668-BE54-9A1E7A4F7556}") = "Homework1", "Homework1.csproj", "{5B729F20-479B-4034-BD8B-61A6EDACAE56}"
EndProject
Project("{FAE04EC0-301F-11D3-BF4B-00C04F79EFBC}") = "MAUIAppHomework2", "..\MAUIAppHomework2\MAUIAppHomework2.csproj", "{51CBBF52-3A2B-4563-A725-78169A48CBCC}"
	ProjectSection(ProjectDependencies) = postProject
		{5B729F20-479B-4034-BD8B-61A6EDACAE56} = {5B729F20-479B-4034-BD8B-61A6EDACAE56}
	EndProjectSection
EndProject
Global
	GlobalSection(SolutionConfigurationPlatforms) = preSolution
		Debug|Any CPU = Debug|Any CPU
		Release|Any CPU = Release|Any CPU
	EndGlobalSection
	GlobalSection(ProjectConfigurationPlatforms) = postSolution
		{5B729F20-479B-4034-BD8B-61A6EDACAE56}.Debug|Any CPU.ActiveCfg = Debug|Any CPU
		{5B729F20-479B-4034-BD8B-61A6EDACAE56}.Debug|Any CPU.Build.0 = Debug|Any CPU
		{5B729F20-479B-4034-BD8B-61A6EDACAE56}.Release|Any CPU.ActiveCfg = Release|Any CPU
		{5B729F20-479B-4034-BD8B-61A6EDACAE56}.Release|Any CPU.Build.0 = Release|Any CPU
		{51CBBF52-3A2B-4563-A725-78169A48CBCC}.Debug|Any CPU.ActiveCfg = Debug|Any CPU
		{51CBBF52-3A2B-4563-A725-78169A48CBCC}.Debug|Any CPU.Build.0 = Debug|Any CPU
		{51CBBF52-3A2B-4563-A725-78169A48CBCC}.Debug|Any CPU.Deploy.0 = Debug|Any CPU
		{51CBBF52-3A2B-4563-A725-78169A48CBCC}.Release|Any CPU.ActiveCfg = Release|Any CPU
		{51CBBF52-3A2B-4563-A725-78169A48CBCC}.Release|Any CPU.Build.0 = Release|Any CPU
		{51CBBF52-3A2B-4563-A725-78169A48CBCC}.Release|Any CPU.Deploy.0 = Release|Any CPU
	EndGlobalSection
	GlobalSection(SolutionProperties) = preSolution
		HideSolutionNode = FALSE
	EndGlobalSection
	GlobalSection(ExtensibilityGlobals) = postSolution
		SolutionGuid = {01200D60-A6F5-475B-9D46-04747A5DB55B}
	EndGlobalSection
EndGlobal
